
Microsoft Visual Studio Solution File, Format Version 12.00
# Visual Studio Version 16
VisualStudioVersion = 16.0.31129.286
MinimumVisualStudioVersion = 10.0.40219.1
Project("{FAE04EC0-301F-11D3-BF4B-00C04F79EFBC}") = "Task 1", "homeWork Class 4\Task 1.csproj", "{7B0809F2-A0AA-46B8-A4D5-079FD4C27A5B}"
EndProject
Project("{FAE04EC0-301F-11D3-BF4B-00C04F79EFBC}") = "Task 2", "Task 2\Task 2.csproj", "{6F4CEAC7-3BEE-420C-A33C-486F53EFA69D}"
EndProject
Project("{FAE04EC0-301F-11D3-BF4B-00C04F79EFBC}") = "Task 3", "Task 3\Task 3.csproj", "{1AFD9204-9F6D-4034-B4D9-A72B4D882A68}"
EndProject
Project("{FAE04EC0-301F-11D3-BF4B-00C04F79EFBC}") = "Task 4", "Task 4\Task 4.csproj", "{23236CA6-4AFE-4995-8DB3-9897D11455FB}"
EndProject
Project("{FAE04EC0-301F-11D3-BF4B-00C04F79EFBC}") = "Task 5", "Task 5\Task 5.csproj", "{1DDF6315-C42E-40FC-BAA8-FB4197A0E56A}"
EndProject
Global
	GlobalSection(SolutionConfigurationPlatforms) = preSolution
		Debug|Any CPU = Debug|Any CPU
		Release|Any CPU = Release|Any CPU
	EndGlobalSection
	GlobalSection(ProjectConfigurationPlatforms) = postSolution
		{7B0809F2-A0AA-46B8-A4D5-079FD4C27A5B}.Debug|Any CPU.ActiveCfg = Debug|Any CPU
		{7B0809F2-A0AA-46B8-A4D5-079FD4C27A5B}.Debug|Any CPU.Build.0 = Debug|Any CPU
		{7B0809F2-A0AA-46B8-A4D5-079FD4C27A5B}.Release|Any CPU.ActiveCfg = Release|Any CPU
		{7B0809F2-A0AA-46B8-A4D5-079FD4C27A5B}.Release|Any CPU.Build.0 = Release|Any CPU
		{6F4CEAC7-3BEE-420C-A33C-486F53EFA69D}.Debug|Any CPU.ActiveCfg = Debug|Any CPU
		{6F4CEAC7-3BEE-420C-A33C-486F53EFA69D}.Debug|Any CPU.Build.0 = Debug|Any CPU
		{6F4CEAC7-3BEE-420C-A33C-486F53EFA69D}.Release|Any CPU.ActiveCfg = Release|Any CPU
		{6F4CEAC7-3BEE-420C-A33C-486F53EFA69D}.Release|Any CPU.Build.0 = Release|Any CPU
		{1AFD9204-9F6D-4034-B4D9-A72B4D882A68}.Debug|Any CPU.ActiveCfg = Debug|Any CPU
		{1AFD9204-9F6D-4034-B4D9-A72B4D882A68}.Debug|Any CPU.Build.0 = Debug|Any CPU
		{1AFD9204-9F6D-4034-B4D9-A72B4D882A68}.Release|Any CPU.ActiveCfg = Release|Any CPU
		{1AFD9204-9F6D-4034-B4D9-A72B4D882A68}.Release|Any CPU.Build.0 = Release|Any CPU
		{23236CA6-4AFE-4995-8DB3-9897D11455FB}.Debug|Any CPU.ActiveCfg = Debug|Any CPU
		{23236CA6-4AFE-4995-8DB3-9897D11455FB}.Debug|Any CPU.Build.0 = Debug|Any CPU
		{23236CA6-4AFE-4995-8DB3-9897D11455FB}.Release|Any CPU.ActiveCfg = Release|Any CPU
		{23236CA6-4AFE-4995-8DB3-9897D11455FB}.Release|Any CPU.Build.0 = Release|Any CPU
		{1DDF6315-C42E-40FC-BAA8-FB4197A0E56A}.Debug|Any CPU.ActiveCfg = Debug|Any CPU
		{1DDF6315-C42E-40FC-BAA8-FB4197A0E56A}.Debug|Any CPU.Build.0 = Debug|Any CPU
		{1DDF6315-C42E-40FC-BAA8-FB4197A0E56A}.Release|Any CPU.ActiveCfg = Release|Any CPU
		{1DDF6315-C42E-40FC-BAA8-FB4197A0E56A}.Release|Any CPU.Build.0 = Release|Any CPU
	EndGlobalSection
	GlobalSection(SolutionProperties) = preSolution
		HideSolutionNode = FALSE
	EndGlobalSection
	GlobalSection(ExtensibilityGlobals) = postSolution
		SolutionGuid = {0C81EC88-130B-46E4-A35D-45B195DC4216}
	EndGlobalSection
EndGlobal
